
Microsoft Visual Studio Solution File, Format Version 12.00
# Visual Studio Version 16
VisualStudioVersion = 16.0.30717.126
MinimumVisualStudioVersion = 10.0.40219.1
Project("{FAE04EC0-301F-11D3-BF4B-00C04F79EFBC}") = "tutorial1", "tutorial\tutorial1.csproj", "{E3AD1C52-2F2E-4DD0-B391-9A4F258E1FAB}"
EndProject
Global
	GlobalSection(SolutionConfigurationPlatforms) = preSolution
		Debug|Any CPU = Debug|Any CPU
		Release|Any CPU = Release|Any CPU
	EndGlobalSection
	GlobalSection(ProjectConfigurationPlatforms) = postSolution
		{E3AD1C52-2F2E-4DD0-B391-9A4F258E1FAB}.Debug|Any CPU.ActiveCfg = Debug|Any CPU
		{E3AD1C52-2F2E-4DD0-B391-9A4F258E1FAB}.Debug|Any CPU.Build.0 = Debug|Any CPU
		{E3AD1C52-2F2E-4DD0-B391-9A4F258E1FAB}.Release|Any CPU.ActiveCfg = Release|Any CPU
		{E3AD1C52-2F2E-4DD0-B391-9A4F258E1FAB}.Release|Any CPU.Build.0 = Release|Any CPU
	EndGlobalSection
	GlobalSection(SolutionProperties) = preSolution
		HideSolutionNode = FALSE
	EndGlobalSection
	GlobalSection(ExtensibilityGlobals) = postSolution
		SolutionGuid = {37076969-5ED4-4C29-AAE9-AAF23019618D}
	EndGlobalSection
EndGlobal
